
Microsoft Visual Studio Solution File, Format Version 12.00
# Visual Studio Version 17
VisualStudioVersion = 17.4.33205.214
MinimumVisualStudioVersion = 10.0.40219.1
Project("{FAE04EC0-301F-11D3-BF4B-00C04F79EFBC}") = "BlankApp1", "BlankApp1\BlankApp1\BlankApp1.csproj", "{A3628EF6-53FD-4CAA-AFAA-1098B5243A15}"
EndProject
Project("{FAE04EC0-301F-11D3-BF4B-00C04F79EFBC}") = "BlankApp1.Android", "BlankApp1\BlankApp1.Android\BlankApp1.Android.csproj", "{06A49191-4AFC-4E66-98E0-4E6FCAFF117A}"
EndProject
Project("{FAE04EC0-301F-11D3-BF4B-00C04F79EFBC}") = "BlankApp1.iOS", "BlankApp1\BlankApp1.iOS\BlankApp1.iOS.csproj", "{8B17418D-B593-4F72-AE35-0E59A7FEFF4C}"
EndProject
Project("{FAE04EC0-301F-11D3-BF4B-00C04F79EFBC}") = "BlankApp1.UWP", "BlankApp1\BlankApp1.UWP\BlankApp1.UWP.csproj", "{93F9664C-AE36-436B-BEE7-C3C422B2E791}"
EndProject
Global
	GlobalSection(SolutionConfigurationPlatforms) = preSolution
		Ad-Hoc|Any CPU = Ad-Hoc|Any CPU
		Ad-Hoc|ARM = Ad-Hoc|ARM
		Ad-Hoc|iPhone = Ad-Hoc|iPhone
		Ad-Hoc|iPhoneSimulator = Ad-Hoc|iPhoneSimulator
		Ad-Hoc|x64 = Ad-Hoc|x64
		Ad-Hoc|x86 = Ad-Hoc|x86
		AppStore|Any CPU = AppStore|Any CPU
		AppStore|ARM = AppStore|ARM
		AppStore|iPhone = AppStore|iPhone
		AppStore|iPhoneSimulator = AppStore|iPhoneSimulator
		AppStore|x64 = AppStore|x64
		AppStore|x86 = AppStore|x86
		Debug|Any CPU = Debug|Any CPU
		Debug|ARM = Debug|ARM
		Debug|iPhone = Debug|iPhone
		Debug|iPhoneSimulator = Debug|iPhoneSimulator
		Debug|x64 = Debug|x64
		Debug|x86 = Debug|x86
		Release|Any CPU = Release|Any CPU
		Release|ARM = Release|ARM
		Release|iPhone = Release|iPhone
		Release|iPhoneSimulator = Release|iPhoneSimulator
		Release|x64 = Release|x64
		Release|x86 = Release|x86
	EndGlobalSection
	GlobalSection(ProjectConfigurationPlatforms) = postSolution
		{A3628EF6-53FD-4CAA-AFAA-1098B5243A15}.Ad-Hoc|Any CPU.ActiveCfg = Debug|Any CPU
		{A3628EF6-53FD-4CAA-AFAA-1098B5243A15}.Ad-Hoc|Any CPU.Build.0 = Debug|Any CPU
		{A3628EF6-53FD-4CAA-AFAA-1098B5243A15}.Ad-Hoc|ARM.ActiveCfg = Debug|Any CPU
		{A3628EF6-53FD-4CAA-AFAA-1098B5243A15}.Ad-Hoc|ARM.Build.0 = Debug|Any CPU
		{A3628EF6-53FD-4CAA-AFAA-1098B5243A15}.Ad-Hoc|iPhone.ActiveCfg = Debug|Any CPU
		{A3628EF6-53FD-4CAA-AFAA-1098B5243A15}.Ad-Hoc|iPhone.Build.0 = Debug|Any CPU
		{A3628EF6-53FD-4CAA-AFAA-1098B5243A15}.Ad-Hoc|iPhoneSimulator.ActiveCfg = Debug|Any CPU
		{A3628EF6-53FD-4CAA-AFAA-1098B5243A15}.Ad-Hoc|iPhoneSimulator.Build.0 = Debug|Any CPU
		{A3628EF6-53FD-4CAA-AFAA-1098B5243A15}.Ad-Hoc|x64.ActiveCfg = Debug|Any CPU
		{A3628EF6-53FD-4CAA-AFAA-1098B5243A15}.Ad-Hoc|x64.Build.0 = Debug|Any CPU
		{A3628EF6-53FD-4CAA-AFAA-1098B5243A15}.Ad-Hoc|x86.ActiveCfg = Debug|Any CPU
		{A3628EF6-53FD-4CAA-AFAA-1098B5243A15}.Ad-Hoc|x86.Build.0 = Debug|Any CPU
		{A3628EF6-53FD-4CAA-AFAA-1098B5243A15}.AppStore|Any CPU.ActiveCfg = Debug|Any CPU
		{A3628EF6-53FD-4CAA-AFAA-1098B5243A15}.AppStore|Any CPU.Build.0 = Debug|Any CPU
		{A3628EF6-53FD-4CAA-AFAA-1098B5243A15}.AppStore|ARM.ActiveCfg = Debug|Any CPU
		{A3628EF6-53FD-4CAA-AFAA-1098B5243A15}.AppStore|ARM.Build.0 = Debug|Any CPU
		{A3628EF6-53FD-4CAA-AFAA-1098B5243A15}.AppStore|iPhone.ActiveCfg = Debug|Any CPU
		{A3628EF6-53FD-4CAA-AFAA-1098B5243A15}.AppStore|iPhone.Build.0 = Debug|Any CPU
		{A3628EF6-53FD-4CAA-AFAA-1098B5243A15}.AppStore|iPhoneSimulator.ActiveCfg = Debug|Any CPU
		{A3628EF6-53FD-4CAA-AFAA-1098B5243A15}.AppStore|iPhoneSimulator.Build.0 = Debug|Any CPU
		{A3628EF6-53FD-4CAA-AFAA-1098B5243A15}.AppStore|x64.ActiveCfg = Debug|Any CPU
		{A3628EF6-53FD-4CAA-AFAA-1098B5243A15}.AppStore|x64.Build.0 = Debug|Any CPU
		{A3628EF6-53FD-4CAA-AFAA-1098B5243A15}.AppStore|x86.ActiveCfg = Debug|Any CPU
		{A3628EF6-53FD-4CAA-AFAA-1098B5243A15}.AppStore|x86.Build.0 = Debug|Any CPU
		{A3628EF6-53FD-4CAA-AFAA-1098B5243A15}.Debug|Any CPU.ActiveCfg = Debug|Any CPU
		{A3628EF6-53FD-4CAA-AFAA-1098B5243A15}.Debug|Any CPU.Build.0 = Debug|Any CPU
		{A3628EF6-53FD-4CAA-AFAA-1098B5243A15}.Debug|ARM.ActiveCfg = Debug|Any CPU
		{A3628EF6-53FD-4CAA-AFAA-1098B5243A15}.Debug|ARM.Build.0 = Debug|Any CPU
		{A3628EF6-53FD-4CAA-AFAA-1098B5243A15}.Debug|iPhone.ActiveCfg = Debug|Any CPU
		{A3628EF6-53FD-4CAA-AFAA-1098B5243A15}.Debug|iPhone.Build.0 = Debug|Any CPU
		{A3628EF6-53FD-4CAA-AFAA-1098B5243A15}.Debug|iPhoneSimulator.ActiveCfg = Debug|Any CPU
		{A3628EF6-53FD-4CAA-AFAA-1098B5243A15}.Debug|iPhoneSimulator.Build.0 = Debug|Any CPU
		{A3628EF6-53FD-4CAA-AFAA-1098B5243A15}.Debug|x64.ActiveCfg = Debug|Any CPU
		{A3628EF6-53FD-4CAA-AFAA-1098B5243A15}.Debug|x64.Build.0 = Debug|Any CPU
		{A3628EF6-53FD-4CAA-AFAA-1098B5243A15}.Debug|x86.ActiveCfg = Debug|Any CPU
		{A3628EF6-53FD-4CAA-AFAA-1098B5243A15}.Debug|x86.Build.0 = Debug|Any CPU
		{A3628EF6-53FD-4CAA-AFAA-1098B5243A15}.Release|Any CPU.ActiveCfg = Release|Any CPU
		{A3628EF6-53FD-4CAA-AFAA-1098B5243A15}.Release|Any CPU.Build.0 = Release|Any CPU
		{A3628EF6-53FD-4CAA-AFAA-1098B5243A15}.Release|ARM.ActiveCfg = Release|Any CPU
		{A3628EF6-53FD-4CAA-AFAA-1098B5243A15}.Release|ARM.Build.0 = Release|Any CPU
		{A3628EF6-53FD-4CAA-AFAA-1098B5243A15}.Release|iPhone.ActiveCfg = Release|Any CPU
		{A3628EF6-53FD-4CAA-AFAA-1098B5243A15}.Release|iPhone.Build.0 = Release|Any CPU
		{A3628EF6-53FD-4CAA-AFAA-1098B5243A15}.Release|iPhoneSimulator.ActiveCfg = Release|Any CPU
		{A3628EF6-53FD-4CAA-AFAA-1098B5243A15}.Release|iPhoneSimulator.Build.0 = Release|Any CPU
		{A3628EF6-53FD-4CAA-AFAA-1098B5243A15}.Release|x64.ActiveCfg = Release|Any CPU
		{A3628EF6-53FD-4CAA-AFAA-1098B5243A15}.Release|x64.Build.0 = Release|Any CPU
		{A3628EF6-53FD-4CAA-AFAA-1098B5243A15}.Release|x86.ActiveCfg = Release|Any CPU
		{A3628EF6-53FD-4CAA-AFAA-1098B5243A15}.Release|x86.Build.0 = Release|Any CPU
		{06A49191-4AFC-4E66-98E0-4E6FCAFF117A}.Ad-Hoc|Any CPU.ActiveCfg = Debug|Any CPU
		{06A49191-4AFC-4E66-98E0-4E6FCAFF117A}.Ad-Hoc|Any CPU.Build.0 = Debug|Any CPU
		{06A49191-4AFC-4E66-98E0-4E6FCAFF117A}.Ad-Hoc|Any CPU.Deploy.0 = Debug|Any CPU
		{06A49191-4AFC-4E66-98E0-4E6FCAFF117A}.Ad-Hoc|ARM.ActiveCfg = Debug|Any CPU
		{06A49191-4AFC-4E66-98E0-4E6FCAFF117A}.Ad-Hoc|ARM.Build.0 = Debug|Any CPU
		{06A49191-4AFC-4E66-98E0-4E6FCAFF117A}.Ad-Hoc|ARM.Deploy.0 = Debug|Any CPU
		{06A49191-4AFC-4E66-98E0-4E6FCAFF117A}.Ad-Hoc|iPhone.ActiveCfg = Debug|Any CPU
		{06A49191-4AFC-4E66-98E0-4E6FCAFF117A}.Ad-Hoc|iPhone.Build.0 = Debug|Any CPU
		{06A49191-4AFC-4E66-98E0-4E6FCAFF117A}.Ad-Hoc|iPhone.Deploy.0 = Debug|Any CPU
		{06A49191-4AFC-4E66-98E0-4E6FCAFF117A}.Ad-Hoc|iPhoneSimulator.ActiveCfg = Debug|Any CPU
		{06A49191-4AFC-4E66-98E0-4E6FCAFF117A}.Ad-Hoc|iPhoneSimulator.Build.0 = Debug|Any CPU
		{06A49191-4AFC-4E66-98E0-4E6FCAFF117A}.Ad-Hoc|iPhoneSimulator.Deploy.0 = Debug|Any CPU
		{06A49191-4AFC-4E66-98E0-4E6FCAFF117A}.Ad-Hoc|x64.ActiveCfg = Debug|Any CPU
		{06A49191-4AFC-4E66-98E0-4E6FCAFF117A}.Ad-Hoc|x64.Build.0 = Debug|Any CPU
		{06A49191-4AFC-4E66-98E0-4E6FCAFF117A}.Ad-Hoc|x64.Deploy.0 = Debug|Any CPU
		{06A49191-4AFC-4E66-98E0-4E6FCAFF117A}.Ad-Hoc|x86.ActiveCfg = Debug|Any CPU
		{06A49191-4AFC-4E66-98E0-4E6FCAFF117A}.Ad-Hoc|x86.Build.0 = Debug|Any CPU
		{06A49191-4AFC-4E66-98E0-4E6FCAFF117A}.Ad-Hoc|x86.Deploy.0 = Debug|Any CPU
		{06A49191-4AFC-4E66-98E0-4E6FCAFF117A}.AppStore|Any CPU.ActiveCfg = Debug|Any CPU
		{06A49191-4AFC-4E66-98E0-4E6FCAFF117A}.AppStore|Any CPU.Build.0 = Debug|Any CPU
		{06A49191-4AFC-4E66-98E0-4E6FCAFF117A}.AppStore|Any CPU.Deploy.0 = Debug|Any CPU
		{06A49191-4AFC-4E66-98E0-4E6FCAFF117A}.AppStore|ARM.ActiveCfg = Debug|Any CPU
		{06A49191-4AFC-4E66-98E0-4E6FCAFF117A}.AppStore|ARM.Build.0 = Debug|Any CPU
		{06A49191-4AFC-4E66-98E0-4E6FCAFF117A}.AppStore|ARM.Deploy.0 = Debug|Any CPU
		{06A49191-4AFC-4E66-98E0-4E6FCAFF117A}.AppStore|iPhone.ActiveCfg = Debug|Any CPU
		{06A49191-4AFC-4E66-98E0-4E6FCAFF117A}.AppStore|iPhone.Build.0 = Debug|Any CPU
		{06A49191-4AFC-4E66-98E0-4E6FCAFF117A}.AppStore|iPhone.Deploy.0 = Debug|Any CPU
		{06A49191-4AFC-4E66-98E0-4E6FCAFF117A}.AppStore|iPhoneSimulator.ActiveCfg = Debug|Any CPU
		{06A49191-4AFC-4E66-98E0-4E6FCAFF117A}.AppStore|iPhoneSimulator.Build.0 = Debug|Any CPU
		{06A49191-4AFC-4E66-98E0-4E6FCAFF117A}.AppStore|iPhoneSimulator.Deploy.0 = Debug|Any CPU
		{06A49191-4AFC-4E66-98E0-4E6FCAFF117A}.AppStore|x64.ActiveCfg = Debug|Any CPU
		{06A49191-4AFC-4E66-98E0-4E6FCAFF117A}.AppStore|x64.Build.0 = Debug|Any CPU
		{06A49191-4AFC-4E66-98E0-4E6FCAFF117A}.AppStore|x64.Deploy.0 = Debug|Any CPU
		{06A49191-4AFC-4E66-98E0-4E6FCAFF117A}.AppStore|x86.ActiveCfg = Debug|Any CPU
		{06A49191-4AFC-4E66-98E0-4E6FCAFF117A}.AppStore|x86.Build.0 = Debug|Any CPU
		{06A49191-4AFC-4E66-98E0-4E6FCAFF117A}.AppStore|x86.Deploy.0 = Debug|Any CPU
		{06A49191-4AFC-4E66-98E0-4E6FCAFF117A}.Debug|Any CPU.ActiveCfg = Debug|Any CPU
		{06A49191-4AFC-4E66-98E0-4E6FCAFF117A}.Debug|Any CPU.Build.0 = Debug|Any CPU
		{06A49191-4AFC-4E66-98E0-4E6FCAFF117A}.Debug|Any CPU.Deploy.0 = Debug|Any CPU
		{06A49191-4AFC-4E66-98E0-4E6FCAFF117A}.Debug|ARM.ActiveCfg = Debug|Any CPU
		{06A49191-4AFC-4E66-98E0-4E6FCAFF117A}.Debug|ARM.Build.0 = Debug|Any CPU
		{06A49191-4AFC-4E66-98E0-4E6FCAFF117A}.Debug|ARM.Deploy.0 = Debug|Any CPU
		{06A49191-4AFC-4E66-98E0-4E6FCAFF117A}.Debug|iPhone.ActiveCfg = Debug|Any CPU
		{06A49191-4AFC-4E66-98E0-4E6FCAFF117A}.Debug|iPhone.Build.0 = Debug|Any CPU
		{06A49191-4AFC-4E66-98E0-4E6FCAFF117A}.Debug|iPhone.Deploy.0 = Debug|Any CPU
		{06A49191-4AFC-4E66-98E0-4E6FCAFF117A}.Debug|iPhoneSimulator.ActiveCfg = Debug|Any CPU
		{06A49191-4AFC-4E66-98E0-4E6FCAFF117A}.Debug|iPhoneSimulator.Build.0 = Debug|Any CPU
		{06A49191-4AFC-4E66-98E0-4E6FCAFF117A}.Debug|iPhoneSimulator.Deploy.0 = Debug|Any CPU
		{06A49191-4AFC-4E66-98E0-4E6FCAFF117A}.Debug|x64.ActiveCfg = Debug|Any CPU
		{06A49191-4AFC-4E66-98E0-4E6FCAFF117A}.Debug|x64.Build.0 = Debug|Any CPU
		{06A49191-4AFC-4E66-98E0-4E6FCAFF117A}.Debug|x64.Deploy.0 = Debug|Any CPU
		{06A49191-4AFC-4E66-98E0-4E6FCAFF117A}.Debug|x86.ActiveCfg = Debug|Any CPU
		{06A49191-4AFC-4E66-98E0-4E6FCAFF117A}.Debug|x86.Build.0 = Debug|Any CPU
		{06A49191-4AFC-4E66-98E0-4E6FCAFF117A}.Debug|x86.Deploy.0 = Debug|Any CPU
		{06A49191-4AFC-4E66-98E0-4E6FCAFF117A}.Release|Any CPU.ActiveCfg = Release|Any CPU
		{06A49191-4AFC-4E66-98E0-4E6FCAFF117A}.Release|Any CPU.Build.0 = Release|Any CPU
		{06A49191-4AFC-4E66-98E0-4E6FCAFF117A}.Release|Any CPU.Deploy.0 = Release|Any CPU
		{06A49191-4AFC-4E66-98E0-4E6FCAFF117A}.Release|ARM.ActiveCfg = Release|Any CPU
		{06A49191-4AFC-4E66-98E0-4E6FCAFF117A}.Release|ARM.Build.0 = Release|Any CPU
		{06A49191-4AFC-4E66-98E0-4E6FCAFF117A}.Release|ARM.Deploy.0 = Release|Any CPU
		{06A49191-4AFC-4E66-98E0-4E6FCAFF117A}.Release|iPhone.ActiveCfg = Release|Any CPU
		{06A49191-4AFC-4E66-98E0-4E6FCAFF117A}.Release|iPhone.Build.0 = Release|Any CPU
		{06A49191-4AFC-4E66-98E0-4E6FCAFF117A}.Release|iPhone.Deploy.0 = Release|Any CPU
		{06A49191-4AFC-4E66-98E0-4E6FCAFF117A}.Release|iPhoneSimulator.ActiveCfg = Release|Any CPU
		{06A49191-4AFC-4E66-98E0-4E6FCAFF117A}.Release|iPhoneSimulator.Build.0 = Release|Any CPU
		{06A49191-4AFC-4E66-98E0-4E6FCAFF117A}.Release|iPhoneSimulator.Deploy.0 = Release|Any CPU
		{06A49191-4AFC-4E66-98E0-4E6FCAFF117A}.Release|x64.ActiveCfg = Release|Any CPU
		{06A49191-4AFC-4E66-98E0-4E6FCAFF117A}.Release|x64.Build.0 = Release|Any CPU
		{06A49191-4AFC-4E66-98E0-4E6FCAFF117A}.Release|x64.Deploy.0 = Release|Any CPU
		{06A49191-4AFC-4E66-98E0-4E6FCAFF117A}.Release|x86.ActiveCfg = Release|Any CPU
		{06A49191-4AFC-4E66-98E0-4E6FCAFF117A}.Release|x86.Build.0 = Release|Any CPU
		{06A49191-4AFC-4E66-98E0-4E6FCAFF117A}.Release|x86.Deploy.0 = Release|Any CPU
		{8B17418D-B593-4F72-AE35-0E59A7FEFF4C}.Ad-Hoc|Any CPU.ActiveCfg = Ad-Hoc|iPhoneSimulator
		{8B17418D-B593-4F72-AE35-0E59A7FEFF4C}.Ad-Hoc|Any CPU.Build.0 = Ad-Hoc|iPhoneSimulator
		{8B17418D-B593-4F72-AE35-0E59A7FEFF4C}.Ad-Hoc|ARM.ActiveCfg = Ad-Hoc|iPhoneSimulator
		{8B17418D-B593-4F72-AE35-0E59A7FEFF4C}.Ad-Hoc|ARM.Build.0 = Ad-Hoc|iPhoneSimulator
		{8B17418D-B593-4F72-AE35-0E59A7FEFF4C}.Ad-Hoc|iPhone.ActiveCfg = Ad-Hoc|iPhone
		{8B17418D-B593-4F72-AE35-0E59A7FEFF4C}.Ad-Hoc|iPhone.Build.0 = Ad-Hoc|iPhone
		{8B17418D-B593-4F72-AE35-0E59A7FEFF4C}.Ad-Hoc|iPhoneSimulator.ActiveCfg = Ad-Hoc|iPhoneSimulator
		{8B17418D-B593-4F72-AE35-0E59A7FEFF4C}.Ad-Hoc|iPhoneSimulator.Build.0 = Ad-Hoc|iPhoneSimulator
		{8B17418D-B593-4F72-AE35-0E59A7FEFF4C}.Ad-Hoc|x64.ActiveCfg = Ad-Hoc|iPhoneSimulator
		{8B17418D-B593-4F72-AE35-0E59A7FEFF4C}.Ad-Hoc|x64.Build.0 = Ad-Hoc|iPhoneSimulator
		{8B17418D-B593-4F72-AE35-0E59A7FEFF4C}.Ad-Hoc|x86.ActiveCfg = Ad-Hoc|iPhoneSimulator
		{8B17418D-B593-4F72-AE35-0E59A7FEFF4C}.Ad-Hoc|x86.Build.0 = Ad-Hoc|iPhoneSimulator
		{8B17418D-B593-4F72-AE35-0E59A7FEFF4C}.AppStore|Any CPU.ActiveCfg = AppStore|iPhoneSimulator
		{8B17418D-B593-4F72-AE35-0E59A7FEFF4C}.AppStore|Any CPU.Build.0 = AppStore|iPhoneSimulator
		{8B17418D-B593-4F72-AE35-0E59A7FEFF4C}.AppStore|ARM.ActiveCfg = AppStore|iPhoneSimulator
		{8B17418D-B593-4F72-AE35-0E59A7FEFF4C}.AppStore|ARM.Build.0 = AppStore|iPhoneSimulator
		{8B17418D-B593-4F72-AE35-0E59A7FEFF4C}.AppStore|iPhone.ActiveCfg = AppStore|iPhone
		{8B17418D-B593-4F72-AE35-0E59A7FEFF4C}.AppStore|iPhone.Build.0 = AppStore|iPhone
		{8B17418D-B593-4F72-AE35-0E59A7FEFF4C}.AppStore|iPhoneSimulator.ActiveCfg = AppStore|iPhoneSimulator
		{8B17418D-B593-4F72-AE35-0E59A7FEFF4C}.AppStore|iPhoneSimulator.Build.0 = AppStore|iPhoneSimulator
		{8B17418D-B593-4F72-AE35-0E59A7FEFF4C}.AppStore|x64.ActiveCfg = AppStore|iPhoneSimulator
		{8B17418D-B593-4F72-AE35-0E59A7FEFF4C}.AppStore|x64.Build.0 = AppStore|iPhoneSimulator
		{8B17418D-B593-4F72-AE35-0E59A7FEFF4C}.AppStore|x86.ActiveCfg = AppStore|iPhoneSimulator
		{8B17418D-B593-4F72-AE35-0E59A7FEFF4C}.AppStore|x86.Build.0 = AppStore|iPhoneSimulator
		{8B17418D-B593-4F72-AE35-0E59A7FEFF4C}.Debug|Any CPU.ActiveCfg = Debug|iPhoneSimulator
		{8B17418D-B593-4F72-AE35-0E59A7FEFF4C}.Debug|Any CPU.Build.0 = Debug|iPhoneSimulator
		{8B17418D-B593-4F72-AE35-0E59A7FEFF4C}.Debug|ARM.ActiveCfg = Debug|iPhoneSimulator
		{8B17418D-B593-4F72-AE35-0E59A7FEFF4C}.Debug|ARM.Build.0 = Debug|iPhoneSimulator
		{8B17418D-B593-4F72-AE35-0E59A7FEFF4C}.Debug|iPhone.ActiveCfg = Debug|iPhone
		{8B17418D-B593-4F72-AE35-0E59A7FEFF4C}.Debug|iPhone.Build.0 = Debug|iPhone
		{8B17418D-B593-4F72-AE35-0E59A7FEFF4C}.Debug|iPhoneSimulator.ActiveCfg = Debug|iPhoneSimulator
		{8B17418D-B593-4F72-AE35-0E59A7FEFF4C}.Debug|iPhoneSimulator.Build.0 = Debug|iPhoneSimulator
		{8B17418D-B593-4F72-AE35-0E59A7FEFF4C}.Debug|x64.ActiveCfg = Debug|iPhoneSimulator
		{8B17418D-B593-4F72-AE35-0E59A7FEFF4C}.Debug|x64.Build.0 = Debug|iPhoneSimulator
		{8B17418D-B593-4F72-AE35-0E59A7FEFF4C}.Debug|x86.ActiveCfg = Debug|iPhoneSimulator
		{8B17418D-B593-4F72-AE35-0E59A7FEFF4C}.Debug|x86.Build.0 = Debug|iPhoneSimulator
		{8B17418D-B593-4F72-AE35-0E59A7FEFF4C}.Release|Any CPU.ActiveCfg = Release|iPhoneSimulator
		{8B17418D-B593-4F72-AE35-0E59A7FEFF4C}.Release|Any CPU.Build.0 = Release|iPhoneSimulator
		{8B17418D-B593-4F72-AE35-0E59A7FEFF4C}.Release|ARM.ActiveCfg = Release|iPhoneSimulator
		{8B17418D-B593-4F72-AE35-0E59A7FEFF4C}.Release|ARM.Build.0 = Release|iPhoneSimulator
		{8B17418D-B593-4F72-AE35-0E59A7FEFF4C}.Release|iPhone.ActiveCfg = Release|iPhone
		{8B17418D-B593-4F72-AE35-0E59A7FEFF4C}.Release|iPhone.Build.0 = Release|iPhone
		{8B17418D-B593-4F72-AE35-0E59A7FEFF4C}.Release|iPhoneSimulator.ActiveCfg = Release|iPhoneSimulator
		{8B17418D-B593-4F72-AE35-0E59A7FEFF4C}.Release|iPhoneSimulator.Build.0 = Release|iPhoneSimulator
		{8B17418D-B593-4F72-AE35-0E59A7FEFF4C}.Release|x64.ActiveCfg = Release|iPhoneSimulator
		{8B17418D-B593-4F72-AE35-0E59A7FEFF4C}.Release|x64.Build.0 = Release|iPhoneSimulator
		{8B17418D-B593-4F72-AE35-0E59A7FEFF4C}.Release|x86.ActiveCfg = Release|iPhoneSimulator
		{8B17418D-B593-4F72-AE35-0E59A7FEFF4C}.Release|x86.Build.0 = Release|iPhoneSimulator
		{93F9664C-AE36-436B-BEE7-C3C422B2E791}.Ad-Hoc|Any CPU.ActiveCfg = Debug|x64
		{93F9664C-AE36-436B-BEE7-C3C422B2E791}.Ad-Hoc|Any CPU.Build.0 = Debug|x64
		{93F9664C-AE36-436B-BEE7-C3C422B2E791}.Ad-Hoc|Any CPU.Deploy.0 = Debug|x64
		{93F9664C-AE36-436B-BEE7-C3C422B2E791}.Ad-Hoc|ARM.ActiveCfg = Debug|ARM
		{93F9664C-AE36-436B-BEE7-C3C422B2E791}.Ad-Hoc|ARM.Build.0 = Debug|ARM
		{93F9664C-AE36-436B-BEE7-C3C422B2E791}.Ad-Hoc|ARM.Deploy.0 = Debug|ARM
		{93F9664C-AE36-436B-BEE7-C3C422B2E791}.Ad-Hoc|iPhone.ActiveCfg = Debug|x64
		{93F9664C-AE36-436B-BEE7-C3C422B2E791}.Ad-Hoc|iPhone.Build.0 = Debug|x64
		{93F9664C-AE36-436B-BEE7-C3C422B2E791}.Ad-Hoc|iPhone.Deploy.0 = Debug|x64
		{93F9664C-AE36-436B-BEE7-C3C422B2E791}.Ad-Hoc|iPhoneSimulator.ActiveCfg = Debug|x64
		{93F9664C-AE36-436B-BEE7-C3C422B2E791}.Ad-Hoc|iPhoneSimulator.Build.0 = Debug|x64
		{93F9664C-AE36-436B-BEE7-C3C422B2E791}.Ad-Hoc|iPhoneSimulator.Deploy.0 = Debug|x64
		{93F9664C-AE36-436B-BEE7-C3C422B2E791}.Ad-Hoc|x64.ActiveCfg = Debug|x64
		{93F9664C-AE36-436B-BEE7-C3C422B2E791}.Ad-Hoc|x64.Build.0 = Debug|x64
		{93F9664C-AE36-436B-BEE7-C3C422B2E791}.Ad-Hoc|x64.Deploy.0 = Debug|x64
		{93F9664C-AE36-436B-BEE7-C3C422B2E791}.Ad-Hoc|x86.ActiveCfg = Debug|x86
		{93F9664C-AE36-436B-BEE7-C3C422B2E791}.Ad-Hoc|x86.Build.0 = Debug|x86
		{93F9664C-AE36-436B-BEE7-C3C422B2E791}.Ad-Hoc|x86.Deploy.0 = Debug|x86
		{93F9664C-AE36-436B-BEE7-C3C422B2E791}.AppStore|Any CPU.ActiveCfg = Debug|x64
		{93F9664C-AE36-436B-BEE7-C3C422B2E791}.AppStore|Any CPU.Build.0 = Debug|x64
		{93F9664C-AE36-436B-BEE7-C3C422B2E791}.AppStore|Any CPU.Deploy.0 = Debug|x64
		{93F9664C-AE36-436B-BEE7-C3C422B2E791}.AppStore|ARM.ActiveCfg = Debug|ARM
		{93F9664C-AE36-436B-BEE7-C3C422B2E791}.AppStore|ARM.Build.0 = Debug|ARM
		{93F9664C-AE36-436B-BEE7-C3C422B2E791}.AppStore|ARM.Deploy.0 = Debug|ARM
		{93F9664C-AE36-436B-BEE7-C3C422B2E791}.AppStore|iPhone.ActiveCfg = Debug|x64
		{93F9664C-AE36-436B-BEE7-C3C422B2E791}.AppStore|iPhone.Build.0 = Debug|x64
		{93F9664C-AE36-436B-BEE7-C3C422B2E791}.AppStore|iPhone.Deploy.0 = Debug|x64
		{93F9664C-AE36-436B-BEE7-C3C422B2E791}.AppStore|iPhoneSimulator.ActiveCfg = Debug|x64
		{93F9664C-AE36-436B-BEE7-C3C422B2E791}.AppStore|iPhoneSimulator.Build.0 = Debug|x64
		{93F9664C-AE36-436B-BEE7-C3C422B2E791}.AppStore|iPhoneSimulator.Deploy.0 = Debug|x64
		{93F9664C-AE36-436B-BEE7-C3C422B2E791}.AppStore|x64.ActiveCfg = Debug|x64
		{93F9664C-AE36-436B-BEE7-C3C422B2E791}.AppStore|x64.Build.0 = Debug|x64
		{93F9664C-AE36-436B-BEE7-C3C422B2E791}.AppStore|x64.Deploy.0 = Debug|x64
		{93F9664C-AE36-436B-BEE7-C3C422B2E791}.AppStore|x86.ActiveCfg = Debug|x86
		{93F9664C-AE36-436B-BEE7-C3C422B2E791}.AppStore|x86.Build.0 = Debug|x86
		{93F9664C-AE36-436B-BEE7-C3C422B2E791}.AppStore|x86.Deploy.0 = Debug|x86
		{93F9664C-AE36-436B-BEE7-C3C422B2E791}.Debug|Any CPU.ActiveCfg = Debug|x64
		{93F9664C-AE36-436B-BEE7-C3C422B2E791}.Debug|Any CPU.Build.0 = Debug|x64
		{93F9664C-AE36-436B-BEE7-C3C422B2E791}.Debug|Any CPU.Deploy.0 = Debug|x64
		{93F9664C-AE36-436B-BEE7-C3C422B2E791}.Debug|ARM.ActiveCfg = Debug|ARM
		{93F9664C-AE36-436B-BEE7-C3C422B2E791}.Debug|ARM.Build.0 = Debug|ARM
		{93F9664C-AE36-436B-BEE7-C3C422B2E791}.Debug|ARM.Deploy.0 = Debug|ARM
		{93F9664C-AE36-436B-BEE7-C3C422B2E791}.Debug|iPhone.ActiveCfg = Debug|x64
		{93F9664C-AE36-436B-BEE7-C3C422B2E791}.Debug|iPhone.Build.0 = Debug|x64
		{93F9664C-AE36-436B-BEE7-C3C422B2E791}.Debug|iPhone.Deploy.0 = Debug|x64
		{93F9664C-AE36-436B-BEE7-C3C422B2E791}.Debug|iPhoneSimulator.ActiveCfg = Debug|x64
		{93F9664C-AE36-436B-BEE7-C3C422B2E791}.Debug|iPhoneSimulator.Build.0 = Debug|x64
		{93F9664C-AE36-436B-BEE7-C3C422B2E791}.Debug|iPhoneSimulator.Deploy.0 = Debug|x64
		{93F9664C-AE36-436B-BEE7-C3C422B2E791}.Debug|x64.ActiveCfg = Debug|x64
		{93F9664C-AE36-436B-BEE7-C3C422B2E791}.Debug|x64.Build.0 = Debug|x64
		{93F9664C-AE36-436B-BEE7-C3C422B2E791}.Debug|x64.Deploy.0 = Debug|x64
		{93F9664C-AE36-436B-BEE7-C3C422B2E791}.Debug|x86.ActiveCfg = Debug|x86
		{93F9664C-AE36-436B-BEE7-C3C422B2E791}.Debug|x86.Build.0 = Debug|x86
		{93F9664C-AE36-436B-BEE7-C3C422B2E791}.Debug|x86.Deploy.0 = Debug|x86
		{93F9664C-AE36-436B-BEE7-C3C422B2E791}.Release|Any CPU.ActiveCfg = Release|x64
		{93F9664C-AE36-436B-BEE7-C3C422B2E791}.Release|Any CPU.Build.0 = Release|x64
		{93F9664C-AE36-436B-BEE7-C3C422B2E791}.Release|Any CPU.Deploy.0 = Release|x64
		{93F9664C-AE36-436B-BEE7-C3C422B2E791}.Release|ARM.ActiveCfg = Release|ARM
		{93F9664C-AE36-436B-BEE7-C3C422B2E791}.Release|ARM.Build.0 = Release|ARM
		{93F9664C-AE36-436B-BEE7-C3C422B2E791}.Release|ARM.Deploy.0 = Release|ARM
		{93F9664C-AE36-436B-BEE7-C3C422B2E791}.Release|iPhone.ActiveCfg = Release|x64
		{93F9664C-AE36-436B-BEE7-C3C422B2E791}.Release|iPhone.Build.0 = Release|x64
		{93F9664C-AE36-436B-BEE7-C3C422B2E791}.Release|iPhone.Deploy.0 = Release|x64
		{93F9664C-AE36-436B-BEE7-C3C422B2E791}.Release|iPhoneSimulator.ActiveCfg = Release|x64
		{93F9664C-AE36-436B-BEE7-C3C422B2E791}.Release|iPhoneSimulator.Build.0 = Release|x64
		{93F9664C-AE36-436B-BEE7-C3C422B2E791}.Release|iPhoneSimulator.Deploy.0 = Release|x64
		{93F9664C-AE36-436B-BEE7-C3C422B2E791}.Release|x64.ActiveCfg = Release|x64
		{93F9664C-AE36-436B-BEE7-C3C422B2E791}.Release|x64.Build.0 = Release|x64
		{93F9664C-AE36-436B-BEE7-C3C422B2E791}.Release|x64.Deploy.0 = Release|x64
		{93F9664C-AE36-436B-BEE7-C3C422B2E791}.Release|x86.ActiveCfg = Release|x86
		{93F9664C-AE36-436B-BEE7-C3C422B2E791}.Release|x86.Build.0 = Release|x86
		{93F9664C-AE36-436B-BEE7-C3C422B2E791}.Release|x86.Deploy.0 = Release|x86
	EndGlobalSection
	GlobalSection(SolutionProperties) = preSolution
		HideSolutionNode = FALSE
	EndGlobalSection
	GlobalSection(ExtensibilityGlobals) = postSolution
		SolutionGuid = {6CA1220C-9B97-467D-A715-9DF2B6D70BF7}
	EndGlobalSection
EndGlobal
